lockfileVersion: '9.0'

settings:
  autoInstallPeers: false
  excludeLinksFromLockfile: false

importers:

  .:
    dependencies:
      dsh-brand:
        specifier: link:../../../plugins/dsh-brand
        version: link:../../../plugins/dsh-brand
      dsh-computer-use-win:
        specifier: ^0.2.4
        version: 0.2.4
      dsh-free-search:
        specifier: 0.7.4
        version: 0.7.4
      dsh-latex:
        specifier: link:../../../plugins/dsh-latex
        version: link:../../../plugins/dsh-latex
      dsh-pdf-reader:
        specifier: ^0.2.0
        version: 0.2.0

packages:

  '@deepseek-ai/cosmokit@1.8.5':
    resolution: {integrity: sha512-LXsrlem9z8dq4sLflj2yuCuYX7KqhdzF5hZly3eZyuTo8d6oDSOXuEgC5DbQWKW+lksm6zmOutQLsP/ma6wR6A==}

  '@deepseek-ai/schemastery@3.18.4':
    resolution: {integrity: sha512-SSXO6tYuyrIqKVbmOnIq0s+riUywYzouFMcnBluHF9n4KMo2G8HvEzhCYj6pj2617/glOjbJuVInJ9hfONsjkg==}

  '@standard-schema/spec@1.1.0':
    resolution: {integrity: sha512-l2aFy5jALhniG5HgqrD6jXLi/rUWrKvqN/qJx6yoJsgKhblVd+iqqU4RCXavm/jPityDo5TCvKMnpjKnOriy0w==}

  dsh-computer-use-win@0.2.4:
    resolution: {integrity: sha512-85J3+A6hy/0i73KuvjSruPQzjjJ8Libbh5gtysB8c5xIj2O5kAP5ReiNIsNIG2dw+pldlA7IeWiwdNiSvx1D3Q==}
    engines: {node: '>=22'}
    os: [win32]
    hasBin: true

  dsh-free-search@0.7.4:
    resolution: {integrity: sha512-HDxIJ5LHp6KeiTNi86/LLwJ5QCzVAjxsQzqbW2JiejyUGbEpfTN0IUPBpIZUIftoKTSo0eaH8ZSp7UBNoysHeQ==}
    engines: {node: '>=20'}
    peerDependencies:
      '@deepseek-ai/cordis': ^4.0.1
      '@deepseek-ai/dsh-client-ui-commands': ^0.1.7-rc.1 || ^0.2.0-rc.1
      '@deepseek-ai/dsh-client-ui-plugin-manager': ^0.1.7-rc.1 || ^0.2.0-rc.1
      '@deepseek-ai/dsh-client-ui-renderer': ^0.1.7-rc.1 || ^0.2.0-rc.1
      '@deepseek-ai/dsh-settings': ^0.1.7-rc.1 || ^0.2.0-rc.1
      '@deepseek-ai/dsh-tools': ^0.1.7-rc.1 || ^0.2.0-rc.1
      react: ^18.2.0
    peerDependenciesMeta:
      '@deepseek-ai/cordis':
        optional: true
      '@deepseek-ai/dsh-client-ui-commands':
        optional: true
      '@deepseek-ai/dsh-client-ui-plugin-manager':
        optional: true
      '@deepseek-ai/dsh-client-ui-renderer':
        optional: true
      '@deepseek-ai/dsh-settings':
        optional: true
      '@deepseek-ai/dsh-tools':
        optional: true
      react:
        optional: true

  dsh-pdf-reader@0.2.0:
    resolution: {integrity: sha512-f8y3pp6eVobnqNHhWUwYRS13CzSxvbwifD2OSeaQNP+cCLd8wLGD4tOILlL3RLD3MPcmzyo0rxJz8+Jg8S1mQw==}
    engines: {node: '>=20'}
    peerDependencies:
      '@deepseek-ai/cordis': ^4.0.1

snapshots:

  '@deepseek-ai/cosmokit@1.8.5': {}

  '@deepseek-ai/schemastery@3.18.4':
    dependencies:
      '@deepseek-ai/cosmokit': 1.8.5
      '@standard-schema/spec': 1.1.0

  '@standard-schema/spec@1.1.0': {}

  dsh-computer-use-win@0.2.4: {}

  dsh-free-search@0.7.4:
    dependencies:
      '@deepseek-ai/schemastery': 3.18.4

  dsh-pdf-reader@0.2.0: {}
